# This file is automatically @generated by Cargo.
# It is not intended for manual editing.
version = 4

[[package]]
name = "poole-boot-config"
version = "0.0.0"

[[package]]
name = "poole-elf"
version = "0.0.0"

[[package]]
name = "poole-handoff"
version = "0.0.0"

[[package]]
name = "pooleboot"
version = "0.0.0"
dependencies = [
 "poole-boot-config",
 "poole-elf",
]

[[package]]
name = "pooleboot-fixture"
version = "0.0.0"

[[package]]
name = "poolekernel"
version = "0.0.0"
dependencies = [
 "poole-handoff",
]

[[package]]
name = "poolekernel-fixture"
version = "0.0.0"
